
Microsoft Visual Studio Solution File, Format Version 12.00
# Visual Studio Version 16
VisualStudioVersion = 16.0.31129.286
MinimumVisualStudioVersion = 10.0.40219.1
Project("{FAE04EC0-301F-11D3-BF4B-00C04F79EFBC}") = "Pre-Aceleracion Alkemy", "Pre-Aceleracion Alkemy\Pre-Aceleracion Alkemy.csproj", "{491F6AB7-B0D1-492E-95CA-CC7A6A99130F}"
EndProject
Global
	GlobalSection(SolutionConfigurationPlatforms) = preSolution
		Debug|Any CPU = Debug|Any CPU
		Release|Any CPU = Release|Any CPU
	EndGlobalSection
	GlobalSection(ProjectConfigurationPlatforms) = postSolution
		{491F6AB7-B0D1-492E-95CA-CC7A6A99130F}.Debug|Any CPU.ActiveCfg = Debug|Any CPU
		{491F6AB7-B0D1-492E-95CA-CC7A6A99130F}.Debug|Any CPU.Build.0 = Debug|Any CPU
		{491F6AB7-B0D1-492E-95CA-CC7A6A99130F}.Release|Any CPU.ActiveCfg = Release|Any CPU
		{491F6AB7-B0D1-492E-95CA-CC7A6A99130F}.Release|Any CPU.Build.0 = Release|Any CPU
	EndGlobalSection
	GlobalSection(SolutionProperties) = preSolution
		HideSolutionNode = FALSE
	EndGlobalSection
	GlobalSection(ExtensibilityGlobals) = postSolution
		SolutionGuid = {D0ABB752-EDCC-4953-A7B3-E4A381885975}
	EndGlobalSection
EndGlobal
